
Microsoft Visual Studio Solution File, Format Version 12.00
# Visual Studio 15
VisualStudioVersion = 15.0.28010.2050
MinimumVisualStudioVersion = 10.0.40219.1
Project("{FAE04EC0-301F-11D3-BF4B-00C04F79EFBC}") = "ERA.Calculation", "ERA.Calculation\ERA.Calculation.csproj", "{9420872D-688B-4DA0-8A40-B40962B3F958}"
EndProject
Project("{FAE04EC0-301F-11D3-BF4B-00C04F79EFBC}") = "ERA.Shared", "ERA.Shared\ERA.Shared.csproj", "{34D898C8-CCCA-42BB-B152-3C3D951F0502}"
EndProject
Project("{FAE04EC0-301F-11D3-BF4B-00C04F79EFBC}") = "ERA.Web", "ERA.Web\ERA.Web.csproj", "{F3AB3644-BAAF-4BEB-A6DA-359B4B1D4647}"
EndProject
Project("{2150E333-8FDC-42A3-9474-1A3956D46DE8}") = "Presentation", "Presentation", "{CAE0F69E-212C-44FB-B081-EE731988326B}"
EndProject
Project("{2150E333-8FDC-42A3-9474-1A3956D46DE8}") = "CrossCut", "CrossCut", "{B17C0E5E-E86F-460D-9697-1D4AD7799163}"
EndProject
Project("{2150E333-8FDC-42A3-9474-1A3956D46DE8}") = "Externals", "Externals", "{C3EE62FB-FB90-48BE-9396-89E3691AE2AF}"
EndProject
Project("{2150E333-8FDC-42A3-9474-1A3956D46DE8}") = "Kernel", "Kernel", "{F2E62E61-78FD-4909-84E4-2247C065F440}"
EndProject
Project("{2150E333-8FDC-42A3-9474-1A3956D46DE8}") = "Src", "Src", "{8690159D-A744-46A8-8BAC-8249BA56CC02}"
EndProject
Project("{2150E333-8FDC-42A3-9474-1A3956D46DE8}") = "Tests", "Tests", "{5476A3DE-6A20-4F6E-8BFF-1EA82480344E}"
EndProject
Project("{FAE04EC0-301F-11D3-BF4B-00C04F79EFBC}") = "ERA.ConsoleUI", "ERA.ConsoleUI\ERA.ConsoleUI.csproj", "{A29421D4-670D-4E65-B877-D18EA4362E49}"
EndProject
Global
	GlobalSection(SolutionConfigurationPlatforms) = preSolution
		Debug|Any CPU = Debug|Any CPU
		Release|Any CPU = Release|Any CPU
	EndGlobalSection
	GlobalSection(ProjectConfigurationPlatforms) = postSolution
		{9420872D-688B-4DA0-8A40-B40962B3F958}.Debug|Any CPU.ActiveCfg = Debug|Any CPU
		{9420872D-688B-4DA0-8A40-B40962B3F958}.Debug|Any CPU.Build.0 = Debug|Any CPU
		{9420872D-688B-4DA0-8A40-B40962B3F958}.Release|Any CPU.ActiveCfg = Release|Any CPU
		{9420872D-688B-4DA0-8A40-B40962B3F958}.Release|Any CPU.Build.0 = Release|Any CPU
		{34D898C8-CCCA-42BB-B152-3C3D951F0502}.Debug|Any CPU.ActiveCfg = Debug|Any CPU
		{34D898C8-CCCA-42BB-B152-3C3D951F0502}.Debug|Any CPU.Build.0 = Debug|Any CPU
		{34D898C8-CCCA-42BB-B152-3C3D951F0502}.Release|Any CPU.ActiveCfg = Release|Any CPU
		{34D898C8-CCCA-42BB-B152-3C3D951F0502}.Release|Any CPU.Build.0 = Release|Any CPU
		{F3AB3644-BAAF-4BEB-A6DA-359B4B1D4647}.Debug|Any CPU.ActiveCfg = Debug|Any CPU
		{F3AB3644-BAAF-4BEB-A6DA-359B4B1D4647}.Debug|Any CPU.Build.0 = Debug|Any CPU
		{F3AB3644-BAAF-4BEB-A6DA-359B4B1D4647}.Release|Any CPU.ActiveCfg = Release|Any CPU
		{F3AB3644-BAAF-4BEB-A6DA-359B4B1D4647}.Release|Any CPU.Build.0 = Release|Any CPU
		{A29421D4-670D-4E65-B877-D18EA4362E49}.Debug|Any CPU.ActiveCfg = Debug|Any CPU
		{A29421D4-670D-4E65-B877-D18EA4362E49}.Debug|Any CPU.Build.0 = Debug|Any CPU
		{A29421D4-670D-4E65-B877-D18EA4362E49}.Release|Any CPU.ActiveCfg = Release|Any CPU
		{A29421D4-670D-4E65-B877-D18EA4362E49}.Release|Any CPU.Build.0 = Release|Any CPU
	EndGlobalSection
	GlobalSection(SolutionProperties) = preSolution
		HideSolutionNode = FALSE
	EndGlobalSection
	GlobalSection(NestedProjects) = preSolution
		{9420872D-688B-4DA0-8A40-B40962B3F958} = {F2E62E61-78FD-4909-84E4-2247C065F440}
		{34D898C8-CCCA-42BB-B152-3C3D951F0502} = {B17C0E5E-E86F-460D-9697-1D4AD7799163}
		{F3AB3644-BAAF-4BEB-A6DA-359B4B1D4647} = {CAE0F69E-212C-44FB-B081-EE731988326B}
		{CAE0F69E-212C-44FB-B081-EE731988326B} = {8690159D-A744-46A8-8BAC-8249BA56CC02}
		{B17C0E5E-E86F-460D-9697-1D4AD7799163} = {8690159D-A744-46A8-8BAC-8249BA56CC02}
		{C3EE62FB-FB90-48BE-9396-89E3691AE2AF} = {8690159D-A744-46A8-8BAC-8249BA56CC02}
		{F2E62E61-78FD-4909-84E4-2247C065F440} = {8690159D-A744-46A8-8BAC-8249BA56CC02}
		{A29421D4-670D-4E65-B877-D18EA4362E49} = {CAE0F69E-212C-44FB-B081-EE731988326B}
	EndGlobalSection
	GlobalSection(ExtensibilityGlobals) = postSolution
		SolutionGuid = {59DA5486-4FCE-4BF9-9419-B202A6C4E136}
	EndGlobalSection
EndGlobal
