
Microsoft Visual Studio Solution File, Format Version 12.00
# Visual Studio 15
VisualStudioVersion = 15.0.28010.2050
MinimumVisualStudioVersion = 10.0.40219.1
Project("{FAE04EC0-301F-11D3-BF4B-00C04F79EFBC}") = "ERA.PermanentContractSalaryCalculation.Application", "ERA.PermanentContractSalaryCalculation.Application\ERA.PermanentContractSalaryCalculation.Application.csproj", "{9420872D-688B-4DA0-8A40-B40962B3F958}"
EndProject
Project("{FAE04EC0-301F-11D3-BF4B-00C04F79EFBC}") = "ERA.Shared", "ERA.Shared\ERA.Shared.csproj", "{34D898C8-CCCA-42BB-B152-3C3D951F0502}"
EndProject
Project("{2150E333-8FDC-42A3-9474-1A3956D46DE8}") = "UI", "UI", "{CAE0F69E-212C-44FB-B081-EE731988326B}"
EndProject
Project("{2150E333-8FDC-42A3-9474-1A3956D46DE8}") = "CrossCut", "CrossCut", "{B17C0E5E-E86F-460D-9697-1D4AD7799163}"
EndProject
Project("{2150E333-8FDC-42A3-9474-1A3956D46DE8}") = "Externals", "Externals", "{C3EE62FB-FB90-48BE-9396-89E3691AE2AF}"
EndProject
Project("{2150E333-8FDC-42A3-9474-1A3956D46DE8}") = "Kernel", "Kernel", "{F2E62E61-78FD-4909-84E4-2247C065F440}"
EndProject
Project("{2150E333-8FDC-42A3-9474-1A3956D46DE8}") = "Sources", "Sources", "{8690159D-A744-46A8-8BAC-8249BA56CC02}"
EndProject
Project("{2150E333-8FDC-42A3-9474-1A3956D46DE8}") = "Tests", "Tests", "{5476A3DE-6A20-4F6E-8BFF-1EA82480344E}"
EndProject
Project("{FAE04EC0-301F-11D3-BF4B-00C04F79EFBC}") = "ERA.ConsoleUI", "ERA.ConsoleUI\ERA.ConsoleUI.csproj", "{A29421D4-670D-4E65-B877-D18EA4362E49}"
EndProject
Project("{FAE04EC0-301F-11D3-BF4B-00C04F79EFBC}") = "ERA.PermanentContract.WebApi", "ERA.PermanentContract.WebApi\ERA.PermanentContract.WebApi.csproj", "{6E0EA9F1-CE3E-42F8-B962-E6457A88B8FD}"
EndProject
Project("{D954291E-2A0B-460D-934E-DC6B0785DB48}") = "ERA.WebUI", "ERA.WebUI\ERA.WebUI.shproj", "{F6FC0D65-CF92-4BEF-82CA-6BCD1D5681E0}"
EndProject
Project("{2150E333-8FDC-42A3-9474-1A3956D46DE8}") = "PermanentContractSalaryCalculation", "PermanentContractSalaryCalculation", "{1719891D-6618-4CCB-9E16-36E2419C8E73}"
EndProject
Project("{2150E333-8FDC-42A3-9474-1A3956D46DE8}") = "2. Application", "2. Application", "{4EC4001B-9DAE-4D62-8EE3-96EDD3A8E393}"
EndProject
Project("{2150E333-8FDC-42A3-9474-1A3956D46DE8}") = "1. Domain", "1. Domain", "{37AD107A-9569-465C-8533-ED901AB37BBB}"
EndProject
Project("{2150E333-8FDC-42A3-9474-1A3956D46DE8}") = "Presentation", "Presentation", "{B3318629-025F-4C9D-B0EC-CCBF34261980}"
EndProject
Global
	GlobalSection(SharedMSBuildProjectFiles) = preSolution
		ERA.WebUI\ERA.WebUI.projitems*{f6fc0d65-cf92-4bef-82ca-6bcd1d5681e0}*SharedItemsImports = 13
	EndGlobalSection
	GlobalSection(SolutionConfigurationPlatforms) = preSolution
		Debug|Any CPU = Debug|Any CPU
		Release|Any CPU = Release|Any CPU
	EndGlobalSection
	GlobalSection(ProjectConfigurationPlatforms) = postSolution
		{9420872D-688B-4DA0-8A40-B40962B3F958}.Debug|Any CPU.ActiveCfg = Debug|Any CPU
		{9420872D-688B-4DA0-8A40-B40962B3F958}.Debug|Any CPU.Build.0 = Debug|Any CPU
		{9420872D-688B-4DA0-8A40-B40962B3F958}.Release|Any CPU.ActiveCfg = Release|Any CPU
		{9420872D-688B-4DA0-8A40-B40962B3F958}.Release|Any CPU.Build.0 = Release|Any CPU
		{34D898C8-CCCA-42BB-B152-3C3D951F0502}.Debug|Any CPU.ActiveCfg = Debug|Any CPU
		{34D898C8-CCCA-42BB-B152-3C3D951F0502}.Debug|Any CPU.Build.0 = Debug|Any CPU
		{34D898C8-CCCA-42BB-B152-3C3D951F0502}.Release|Any CPU.ActiveCfg = Release|Any CPU
		{34D898C8-CCCA-42BB-B152-3C3D951F0502}.Release|Any CPU.Build.0 = Release|Any CPU
		{A29421D4-670D-4E65-B877-D18EA4362E49}.Debug|Any CPU.ActiveCfg = Debug|Any CPU
		{A29421D4-670D-4E65-B877-D18EA4362E49}.Debug|Any CPU.Build.0 = Debug|Any CPU
		{A29421D4-670D-4E65-B877-D18EA4362E49}.Release|Any CPU.ActiveCfg = Release|Any CPU
		{A29421D4-670D-4E65-B877-D18EA4362E49}.Release|Any CPU.Build.0 = Release|Any CPU
		{6E0EA9F1-CE3E-42F8-B962-E6457A88B8FD}.Debug|Any CPU.ActiveCfg = Debug|Any CPU
		{6E0EA9F1-CE3E-42F8-B962-E6457A88B8FD}.Debug|Any CPU.Build.0 = Debug|Any CPU
		{6E0EA9F1-CE3E-42F8-B962-E6457A88B8FD}.Release|Any CPU.ActiveCfg = Release|Any CPU
		{6E0EA9F1-CE3E-42F8-B962-E6457A88B8FD}.Release|Any CPU.Build.0 = Release|Any CPU
	EndGlobalSection
	GlobalSection(SolutionProperties) = preSolution
		HideSolutionNode = FALSE
	EndGlobalSection
	GlobalSection(NestedProjects) = preSolution
		{9420872D-688B-4DA0-8A40-B40962B3F958} = {4EC4001B-9DAE-4D62-8EE3-96EDD3A8E393}
		{34D898C8-CCCA-42BB-B152-3C3D951F0502} = {B17C0E5E-E86F-460D-9697-1D4AD7799163}
		{CAE0F69E-212C-44FB-B081-EE731988326B} = {8690159D-A744-46A8-8BAC-8249BA56CC02}
		{B17C0E5E-E86F-460D-9697-1D4AD7799163} = {1719891D-6618-4CCB-9E16-36E2419C8E73}
		{C3EE62FB-FB90-48BE-9396-89E3691AE2AF} = {1719891D-6618-4CCB-9E16-36E2419C8E73}
		{F2E62E61-78FD-4909-84E4-2247C065F440} = {1719891D-6618-4CCB-9E16-36E2419C8E73}
		{A29421D4-670D-4E65-B877-D18EA4362E49} = {CAE0F69E-212C-44FB-B081-EE731988326B}
		{6E0EA9F1-CE3E-42F8-B962-E6457A88B8FD} = {B3318629-025F-4C9D-B0EC-CCBF34261980}
		{F6FC0D65-CF92-4BEF-82CA-6BCD1D5681E0} = {CAE0F69E-212C-44FB-B081-EE731988326B}
		{1719891D-6618-4CCB-9E16-36E2419C8E73} = {8690159D-A744-46A8-8BAC-8249BA56CC02}
		{4EC4001B-9DAE-4D62-8EE3-96EDD3A8E393} = {F2E62E61-78FD-4909-84E4-2247C065F440}
		{37AD107A-9569-465C-8533-ED901AB37BBB} = {F2E62E61-78FD-4909-84E4-2247C065F440}
		{B3318629-025F-4C9D-B0EC-CCBF34261980} = {1719891D-6618-4CCB-9E16-36E2419C8E73}
	EndGlobalSection
	GlobalSection(ExtensibilityGlobals) = postSolution
		SolutionGuid = {59DA5486-4FCE-4BF9-9419-B202A6C4E136}
	EndGlobalSection
EndGlobal
